
Microsoft Visual Studio Solution File, Format Version 12.00
# Visual Studio Version 17
VisualStudioVersion = 17.10.34928.147
MinimumVisualStudioVersion = 10.0.40219.1
Project("{FAE04EC0-301F-11D3-BF4B-00C04F79EFBC}") = "VersioningInAspNetCore", "VertioningInAspNetCore\VersioningInAspNetCore.csproj", "{A78FD069-B004-42E5-A989-8FB094F2813D}"
EndProject
Project("{FAE04EC0-301F-11D3-BF4B-00C04F79EFBC}") = "TestVersioning", "TestVersioning\TestVersioning.csproj", "{3F5C5063-9593-4BA1-A413-AB2410DAF0FE}"
EndProject
Global
	GlobalSection(SolutionConfigurationPlatforms) = preSolution
		Debug|Any CPU = Debug|Any CPU
		Release|Any CPU = Release|Any CPU
	EndGlobalSection
	GlobalSection(ProjectConfigurationPlatforms) = postSolution
		{A78FD069-B004-42E5-A989-8FB094F2813D}.Debug|Any CPU.ActiveCfg = Debug|Any CPU
		{A78FD069-B004-42E5-A989-8FB094F2813D}.Debug|Any CPU.Build.0 = Debug|Any CPU
		{A78FD069-B004-42E5-A989-8FB094F2813D}.Release|Any CPU.ActiveCfg = Release|Any CPU
		{A78FD069-B004-42E5-A989-8FB094F2813D}.Release|Any CPU.Build.0 = Release|Any CPU
		{3F5C5063-9593-4BA1-A413-AB2410DAF0FE}.Debug|Any CPU.ActiveCfg = Debug|Any CPU
		{3F5C5063-9593-4BA1-A413-AB2410DAF0FE}.Debug|Any CPU.Build.0 = Debug|Any CPU
		{3F5C5063-9593-4BA1-A413-AB2410DAF0FE}.Release|Any CPU.ActiveCfg = Release|Any CPU
		{3F5C5063-9593-4BA1-A413-AB2410DAF0FE}.Release|Any CPU.Build.0 = Release|Any CPU
	EndGlobalSection
	GlobalSection(SolutionProperties) = preSolution
		HideSolutionNode = FALSE
	EndGlobalSection
	GlobalSection(ExtensibilityGlobals) = postSolution
		SolutionGuid = {32896651-6398-4AC9-9906-9EF1EB2ABFFA}
	EndGlobalSection
EndGlobal
